
Microsoft Visual Studio Solution File, Format Version 12.00
# Visual Studio Version 17
VisualStudioVersion = 17.9.34622.214
MinimumVisualStudioVersion = 10.0.40219.1
Project("{FAE04EC0-301F-11D3-BF4B-00C04F79EFBC}") = "udpclient", "udpclient.csproj", "{C56265B5-F0AF-424D-97B6-8EFDBA9067C6}"
EndProject
Project("{FAE04EC0-301F-11D3-BF4B-00C04F79EFBC}") = "udpserver", "..\UdpServer\udpserver.csproj", "{31ECFFE6-2FF4-41E0-9460-B43E5D79E62D}"
EndProject
Global
	GlobalSection(SolutionConfigurationPlatforms) = preSolution
		Debug|Any CPU = Debug|Any CPU
		Release|Any CPU = Release|Any CPU
	EndGlobalSection
	GlobalSection(ProjectConfigurationPlatforms) = postSolution
		{C56265B5-F0AF-424D-97B6-8EFDBA9067C6}.Debug|Any CPU.ActiveCfg = Debug|Any CPU
		{C56265B5-F0AF-424D-97B6-8EFDBA9067C6}.Debug|Any CPU.Build.0 = Debug|Any CPU
		{C56265B5-F0AF-424D-97B6-8EFDBA9067C6}.Release|Any CPU.ActiveCfg = Release|Any CPU
		{C56265B5-F0AF-424D-97B6-8EFDBA9067C6}.Release|Any CPU.Build.0 = Release|Any CPU
		{31ECFFE6-2FF4-41E0-9460-B43E5D79E62D}.Debug|Any CPU.ActiveCfg = Debug|Any CPU
		{31ECFFE6-2FF4-41E0-9460-B43E5D79E62D}.Debug|Any CPU.Build.0 = Debug|Any CPU
		{31ECFFE6-2FF4-41E0-9460-B43E5D79E62D}.Release|Any CPU.ActiveCfg = Release|Any CPU
		{31ECFFE6-2FF4-41E0-9460-B43E5D79E62D}.Release|Any CPU.Build.0 = Release|Any CPU
	EndGlobalSection
	GlobalSection(SolutionProperties) = preSolution
		HideSolutionNode = FALSE
	EndGlobalSection
	GlobalSection(ExtensibilityGlobals) = postSolution
		SolutionGuid = {C0ED88E5-C40E-4579-A397-CEEE8C2CB381}
	EndGlobalSection
EndGlobal
